
Microsoft Visual Studio Solution File, Format Version 12.00
# Visual Studio 15
VisualStudioVersion = 15.0.26228.9
MinimumVisualStudioVersion = 10.0.40219.1
Project("{FAE04EC0-301F-11D3-BF4B-00C04F79EFBC}") = "BLEMeshSimulation", "WindowsFormsApplication8\BLEMeshSimulation.csproj", "{AA787FE2-4F57-456A-81A8-662A9CD3331F}"
EndProject
Global
	GlobalSection(SolutionConfigurationPlatforms) = preSolution
		Debug|Any CPU = Debug|Any CPU
		Release|Any CPU = Release|Any CPU
	EndGlobalSection
	GlobalSection(ProjectConfigurationPlatforms) = postSolution
		{AA787FE2-4F57-456A-81A8-662A9CD3331F}.Debug|Any CPU.ActiveCfg = Debug|Any CPU
		{AA787FE2-4F57-456A-81A8-662A9CD3331F}.Debug|Any CPU.Build.0 = Debug|Any CPU
		{AA787FE2-4F57-456A-81A8-662A9CD3331F}.Release|Any CPU.ActiveCfg = Release|Any CPU
		{AA787FE2-4F57-456A-81A8-662A9CD3331F}.Release|Any CPU.Build.0 = Release|Any CPU
	EndGlobalSection
	GlobalSection(SolutionProperties) = preSolution
		HideSolutionNode = FALSE
	EndGlobalSection
EndGlobal
